Microsoft Visual Studio Solution File, Format Version 12.00
# Visual Studio 15
VisualStudioVersion = 15.0.27130.2010
MinimumVisualStudioVersion = 10.0.40219.1
Project("{FAE04EC0-301F-11D3-BF4B-00C04F79EFBC}") = "DevOps.Code.Entities.GetEntityTypeRecord", "DevOps.Code.Entities.GetEntityTypeRecord\DevOps.Code.Entities.GetEntityTypeRecord.csproj", "{26AA70C1-26AA-70C1-26AA-70C126AA70C1}"
EndProject
Global
	GlobalSection(SolutionConfigurationPlatforms) = preSolution
		Debug|Any CPU = Debug|Any CPU
		Release|Any CPU = Release|Any CPU
	EndGlobalSection
	GlobalSection(ProjectConfigurationPlatforms) = postSolution
		{26AA70C1-26AA-70C1-26AA-70C126AA70C1}.Debug|Any CPU.ActiveCfg = Debug|Any CPU
		{26AA70C1-26AA-70C1-26AA-70C126AA70C1}.Debug|Any CPU.Build.0 = Debug|Any CPU
		{26AA70C1-26AA-70C1-26AA-70C126AA70C1}.Release|Any CPU.ActiveCfg = Release|Any CPU
		{26AA70C1-26AA-70C1-26AA-70C126AA70C1}.Release|Any CPU.Build.0 = Release|Any CPU
	EndGlobalSection
	GlobalSection(SolutionProperties) = preSolution
		HideSolutionNode = FALSE
	EndGlobalSection
	GlobalSection(ExtensibilityGlobals) = preSolution
		SolutionGuid = {32BDC4BB-32BD-C4BB-32BD-C4BB32BDC4BB}
	EndGlobalSection
EndGlobal

